
Microsoft Visual Studio Solution File, Format Version 12.00
# Visual Studio 15
VisualStudioVersion = 15.0.28307.421
MinimumVisualStudioVersion = 10.0.40219.1
Project("{2150E333-8FDC-42A3-9474-1A3956D46DE8}") = "0_thirdparty", "0_thirdparty", "{456126AA-BC10-4E78-9062-63C7F93B5A82}"
EndProject
Project("{2150E333-8FDC-42A3-9474-1A3956D46DE8}") = "1_demo", "1_demo", "{7CA25F44-1F04-4875-81C0-A091991FDEFB}"
EndProject
Project("{2150E333-8FDC-42A3-9474-1A3956D46DE8}") = "tests", "tests", "{18A10F81-F004-48D3-A248-E1462162F3DE}"
EndProject
Project("{2150E333-8FDC-42A3-9474-1A3956D46DE8}") = "samples", "samples", "{C1857C52-338D-4CAA-838F-0B311A5289BC}"
EndProject
Project("{8BC9CEB8-8B4A-11D0-8D11-00A0C91BC942}") = "test1", "demo\tests\test1.vcxproj", "{3CFD8D3C-5D69-47BF-9E96-BCD6AC473C8C}"
	ProjectSection(ProjectDependencies) = postProject
		{B3BEBB61-ABFE-4AF6-8F70-8934AFBFAE79} = {B3BEBB61-ABFE-4AF6-8F70-8934AFBFAE79}
	EndProjectSection
EndProject
Project("{8BC9CEB8-8B4A-11D0-8D11-00A0C91BC942}") = "comeasy", "demo\samples\comeasy\comeasy.vcxproj", "{BFAC57C2-A03C-43CD-A4D3-386329AA91E2}"
EndProject
Project("{8BC9CEB8-8B4A-11D0-8D11-00A0C91BC942}") = "commem", "demo\samples\commem\commem.vcxproj", "{3135EEC0-34F4-47D5-AA7C-C1B32E4F87C0}"
EndProject
Project("{8BC9CEB8-8B4A-11D0-8D11-00A0C91BC942}") = "cping", "demo\samples\cping\cping.vcxproj", "{DEA9A512-9E4E-427B-9942-2E8089A66E41}"
EndProject
Project("{8BC9CEB8-8B4A-11D0-8D11-00A0C91BC942}") = "disas", "demo\samples\disas\disas.vcxproj", "{5AA4A16D-2B20-4D9B-B4DC-F2A32E140EC1}"
EndProject
Project("{8BC9CEB8-8B4A-11D0-8D11-00A0C91BC942}") = "dtest", "demo\samples\dtest\dtest.vcxproj", "{C5C1610E-EA74-4A9C-A89D-13B4B3A2FF3A}"
EndProject
Project("{8BC9CEB8-8B4A-11D0-8D11-00A0C91BC942}") = "dumpe", "demo\samples\dumpe\dumpe.vcxproj", "{9628464D-8404-4095-94A6-E0031137FA64}"
EndProject
Project("{8BC9CEB8-8B4A-11D0-8D11-00A0C91BC942}") = "dumpi", "demo\samples\dumpi\dumpi.vcxproj", "{5045A2BA-6C92-461A-A7AD-4A85E4C1987D}"
EndProject
Project("{8BC9CEB8-8B4A-11D0-8D11-00A0C91BC942}") = "dynamic_alloc", "demo\samples\dynamic_alloc\dynamic_alloc.vcxproj", "{35290115-F1FC-492A-B251-EE2D0EE0A33F}"
EndProject
Project("{8BC9CEB8-8B4A-11D0-8D11-00A0C91BC942}") = "echo", "demo\samples\echo\echo.vcxproj", "{3142E79F-EE6E-43D1-902F-269154AC75EA}"
EndProject
Project("{8BC9CEB8-8B4A-11D0-8D11-00A0C91BC942}") = "einst", "demo\samples\einst\einst.vcxproj", "{F7521969-4EF4-492B-BED0-253482849F7F}"
EndProject
Project("{8BC9CEB8-8B4A-11D0-8D11-00A0C91BC942}") = "excep", "demo\samples\excep\excep.vcxproj", "{CBC50745-FBC5-44D0-96D4-825639143F2C}"
EndProject
Project("{8BC9CEB8-8B4A-11D0-8D11-00A0C91BC942}") = "findfunc", "demo\samples\findfunc\findfunc.vcxproj", "{3A6F37AA-996F-49C6-B5E2-F15039CCE8DC}"
EndProject
Project("{8BC9CEB8-8B4A-11D0-8D11-00A0C91BC942}") = "impmunge", "demo\samples\impmunge\impmunge.vcxproj", "{34F3E364-4E36-4BAC-8799-96D6729DB64C}"
EndProject
Project("{8BC9CEB8-8B4A-11D0-8D11-00A0C91BC942}") = "member", "demo\samples\member\member.vcxproj", "{2591553F-B9BC-411A-B400-C365D4DE9DF9}"
EndProject
Project("{8BC9CEB8-8B4A-11D0-8D11-00A0C91BC942}") = "opengl", "demo\samples\opengl\opengl.vcxproj", "{5E609454-8309-4561-AFC4-8533B3C23A8B}"
EndProject
Project("{8BC9CEB8-8B4A-11D0-8D11-00A0C91BC942}") = "payload", "demo\samples\payload\payload.vcxproj", "{C619E3B4-550D-4BEE-805A-18410B207BDF}"
EndProject
Project("{8BC9CEB8-8B4A-11D0-8D11-00A0C91BC942}") = "region", "demo\samples\region\region.vcxproj", "{6382D31B-245E-41A3-BCEF-9B225CD1F72A}"
EndProject
Project("{8BC9CEB8-8B4A-11D0-8D11-00A0C91BC942}") = "setdll", "demo\samples\setdll\setdll.vcxproj", "{5423B407-A46E-4A87-8E0F-FB8193BB888B}"
EndProject
Project("{8BC9CEB8-8B4A-11D0-8D11-00A0C91BC942}") = "simple", "demo\samples\simple\simple.vcxproj", "{FB50840A-57F5-489E-BDD9-AD587388F482}"
EndProject
Project("{8BC9CEB8-8B4A-11D0-8D11-00A0C91BC942}") = "simple_safe", "demo\samples\simple_safe\simple_safe.vcxproj", "{97D5DF32-522B-4910-A9D7-BA6F71420535}"
EndProject
Project("{8BC9CEB8-8B4A-11D0-8D11-00A0C91BC942}") = "slept", "demo\samples\slept\slept.vcxproj", "{1832F0C4-52C9-4BFE-A0E9-56846FDD3FA9}"
EndProject
Project("{8BC9CEB8-8B4A-11D0-8D11-00A0C91BC942}") = "syelog", "demo\samples\syelog\syelog.vcxproj", "{22DD1C89-D700-4118-AA17-3CEC785D427C}"
EndProject
Project("{8BC9CEB8-8B4A-11D0-8D11-00A0C91BC942}") = "talloc", "demo\samples\talloc\talloc.vcxproj", "{CECD56C1-5764-4390-836A-FE793CA9DC61}"
EndProject
Project("{8BC9CEB8-8B4A-11D0-8D11-00A0C91BC942}") = "traceapi", "demo\samples\traceapi\traceapi.vcxproj", "{DAE77218-A327-41F0-BF66-AA796BAE8C0F}"
EndProject
Project("{8BC9CEB8-8B4A-11D0-8D11-00A0C91BC942}") = "tracebld", "demo\samples\tracebld\tracebld.vcxproj", "{20212D74-4919-4EAC-B2FC-6344CEFA2D91}"
EndProject
Project("{8BC9CEB8-8B4A-11D0-8D11-00A0C91BC942}") = "tracelnk", "demo\samples\tracelnk\tracelnk.vcxproj", "{56C261DF-22FB-4445-B05E-3DC0881B2950}"
EndProject
Project("{8BC9CEB8-8B4A-11D0-8D11-00A0C91BC942}") = "tracemem", "demo\samples\tracemem\tracemem.vcxproj", "{42400738-75E3-4349-AB27-C3C3F4FBEC96}"
EndProject
Project("{8BC9CEB8-8B4A-11D0-8D11-00A0C91BC942}") = "tracereg", "demo\samples\tracereg\tracereg.vcxproj", "{80F23B5D-86F9-4977-816D-34C0838F43DE}"
EndProject
Project("{8BC9CEB8-8B4A-11D0-8D11-00A0C91BC942}") = "traceser", "demo\samples\traceser\traceser.vcxproj", "{5B86886F-4BD7-4B9A-8D0D-DCE7427E6265}"
EndProject
Project("{8BC9CEB8-8B4A-11D0-8D11-00A0C91BC942}") = "tracessl", "demo\samples\tracessl\tracessl.vcxproj", "{76E192DB-CE29-4B01-A44A-AC6CD5830A91}"
EndProject
Project("{8BC9CEB8-8B4A-11D0-8D11-00A0C91BC942}") = "tracetcp", "demo\samples\tracetcp\tracetcp.vcxproj", "{27CC0559-C196-4380-BE95-325F0FCA165B}"
EndProject
Project("{8BC9CEB8-8B4A-11D0-8D11-00A0C91BC942}") = "tryman", "demo\samples\tryman\tryman.vcxproj", "{D2C6771A-6B62-474C-847A-B8CAF6777C0B}"
EndProject
Project("{8BC9CEB8-8B4A-11D0-8D11-00A0C91BC942}") = "withdll", "demo\samples\withdll\withdll.vcxproj", "{263F00C8-7432-41C4-93EE-5946F643FA52}"
EndProject
Project("{2150E333-8FDC-42A3-9474-1A3956D46DE8}") = "error", "error", "{9EB89E65-99F1-4ACD-864D-1BC6A133534C}"
EndProject
Project("{8BC9CEB8-8B4A-11D0-8D11-00A0C91BC942}") = "libDetours", "thirdparty\Detours-4.0.1\libDetours.vcxproj", "{B3BEBB61-ABFE-4AF6-8F70-8934AFBFAE79}"
EndProject
Global
	GlobalSection(SolutionConfigurationPlatforms) = preSolution
		Debug|x64 = Debug|x64
		Release|x64 = Release|x64
	EndGlobalSection
	GlobalSection(ProjectConfigurationPlatforms) = postSolution
		{3CFD8D3C-5D69-47BF-9E96-BCD6AC473C8C}.Debug|x64.ActiveCfg = Debug|x64
		{3CFD8D3C-5D69-47BF-9E96-BCD6AC473C8C}.Debug|x64.Build.0 = Debug|x64
		{3CFD8D3C-5D69-47BF-9E96-BCD6AC473C8C}.Release|x64.ActiveCfg = Release|x64
		{3CFD8D3C-5D69-47BF-9E96-BCD6AC473C8C}.Release|x64.Build.0 = Release|x64
		{BFAC57C2-A03C-43CD-A4D3-386329AA91E2}.Debug|x64.ActiveCfg = Debug|x64
		{BFAC57C2-A03C-43CD-A4D3-386329AA91E2}.Debug|x64.Build.0 = Debug|x64
		{BFAC57C2-A03C-43CD-A4D3-386329AA91E2}.Release|x64.ActiveCfg = Release|x64
		{BFAC57C2-A03C-43CD-A4D3-386329AA91E2}.Release|x64.Build.0 = Release|x64
		{3135EEC0-34F4-47D5-AA7C-C1B32E4F87C0}.Debug|x64.ActiveCfg = Debug|x64
		{3135EEC0-34F4-47D5-AA7C-C1B32E4F87C0}.Debug|x64.Build.0 = Debug|x64
		{3135EEC0-34F4-47D5-AA7C-C1B32E4F87C0}.Release|x64.ActiveCfg = Release|x64
		{3135EEC0-34F4-47D5-AA7C-C1B32E4F87C0}.Release|x64.Build.0 = Release|x64
		{DEA9A512-9E4E-427B-9942-2E8089A66E41}.Debug|x64.ActiveCfg = Debug|x64
		{DEA9A512-9E4E-427B-9942-2E8089A66E41}.Debug|x64.Build.0 = Debug|x64
		{DEA9A512-9E4E-427B-9942-2E8089A66E41}.Release|x64.ActiveCfg = Release|x64
		{DEA9A512-9E4E-427B-9942-2E8089A66E41}.Release|x64.Build.0 = Release|x64
		{5AA4A16D-2B20-4D9B-B4DC-F2A32E140EC1}.Debug|x64.ActiveCfg = Debug|x64
		{5AA4A16D-2B20-4D9B-B4DC-F2A32E140EC1}.Debug|x64.Build.0 = Debug|x64
		{5AA4A16D-2B20-4D9B-B4DC-F2A32E140EC1}.Release|x64.ActiveCfg = Release|x64
		{5AA4A16D-2B20-4D9B-B4DC-F2A32E140EC1}.Release|x64.Build.0 = Release|x64
		{C5C1610E-EA74-4A9C-A89D-13B4B3A2FF3A}.Debug|x64.ActiveCfg = Debug|x64
		{C5C1610E-EA74-4A9C-A89D-13B4B3A2FF3A}.Debug|x64.Build.0 = Debug|x64
		{C5C1610E-EA74-4A9C-A89D-13B4B3A2FF3A}.Release|x64.ActiveCfg = Release|x64
		{C5C1610E-EA74-4A9C-A89D-13B4B3A2FF3A}.Release|x64.Build.0 = Release|x64
		{9628464D-8404-4095-94A6-E0031137FA64}.Debug|x64.ActiveCfg = Debug|x64
		{9628464D-8404-4095-94A6-E0031137FA64}.Debug|x64.Build.0 = Debug|x64
		{9628464D-8404-4095-94A6-E0031137FA64}.Release|x64.ActiveCfg = Release|x64
		{9628464D-8404-4095-94A6-E0031137FA64}.Release|x64.Build.0 = Release|x64
		{5045A2BA-6C92-461A-A7AD-4A85E4C1987D}.Debug|x64.ActiveCfg = Debug|x64
		{5045A2BA-6C92-461A-A7AD-4A85E4C1987D}.Debug|x64.Build.0 = Debug|x64
		{5045A2BA-6C92-461A-A7AD-4A85E4C1987D}.Release|x64.ActiveCfg = Release|x64
		{5045A2BA-6C92-461A-A7AD-4A85E4C1987D}.Release|x64.Build.0 = Release|x64
		{35290115-F1FC-492A-B251-EE2D0EE0A33F}.Debug|x64.ActiveCfg = Debug|x64
		{35290115-F1FC-492A-B251-EE2D0EE0A33F}.Debug|x64.Build.0 = Debug|x64
		{35290115-F1FC-492A-B251-EE2D0EE0A33F}.Release|x64.ActiveCfg = Release|x64
		{35290115-F1FC-492A-B251-EE2D0EE0A33F}.Release|x64.Build.0 = Release|x64
		{3142E79F-EE6E-43D1-902F-269154AC75EA}.Debug|x64.ActiveCfg = Debug|x64
		{3142E79F-EE6E-43D1-902F-269154AC75EA}.Debug|x64.Build.0 = Debug|x64
		{3142E79F-EE6E-43D1-902F-269154AC75EA}.Release|x64.ActiveCfg = Release|x64
		{3142E79F-EE6E-43D1-902F-269154AC75EA}.Release|x64.Build.0 = Release|x64
		{F7521969-4EF4-492B-BED0-253482849F7F}.Debug|x64.ActiveCfg = Debug|x64
		{F7521969-4EF4-492B-BED0-253482849F7F}.Debug|x64.Build.0 = Debug|x64
		{F7521969-4EF4-492B-BED0-253482849F7F}.Release|x64.ActiveCfg = Release|x64
		{F7521969-4EF4-492B-BED0-253482849F7F}.Release|x64.Build.0 = Release|x64
		{CBC50745-FBC5-44D0-96D4-825639143F2C}.Debug|x64.ActiveCfg = Debug|x64
		{CBC50745-FBC5-44D0-96D4-825639143F2C}.Debug|x64.Build.0 = Debug|x64
		{CBC50745-FBC5-44D0-96D4-825639143F2C}.Release|x64.ActiveCfg = Release|x64
		{CBC50745-FBC5-44D0-96D4-825639143F2C}.Release|x64.Build.0 = Release|x64
		{3A6F37AA-996F-49C6-B5E2-F15039CCE8DC}.Debug|x64.ActiveCfg = Debug|x64
		{3A6F37AA-996F-49C6-B5E2-F15039CCE8DC}.Debug|x64.Build.0 = Debug|x64
		{3A6F37AA-996F-49C6-B5E2-F15039CCE8DC}.Release|x64.ActiveCfg = Release|x64
		{3A6F37AA-996F-49C6-B5E2-F15039CCE8DC}.Release|x64.Build.0 = Release|x64
		{34F3E364-4E36-4BAC-8799-96D6729DB64C}.Debug|x64.ActiveCfg = Debug|x64
		{34F3E364-4E36-4BAC-8799-96D6729DB64C}.Debug|x64.Build.0 = Debug|x64
		{34F3E364-4E36-4BAC-8799-96D6729DB64C}.Release|x64.ActiveCfg = Release|x64
		{34F3E364-4E36-4BAC-8799-96D6729DB64C}.Release|x64.Build.0 = Release|x64
		{2591553F-B9BC-411A-B400-C365D4DE9DF9}.Debug|x64.ActiveCfg = Debug|x64
		{2591553F-B9BC-411A-B400-C365D4DE9DF9}.Debug|x64.Build.0 = Debug|x64
		{2591553F-B9BC-411A-B400-C365D4DE9DF9}.Release|x64.ActiveCfg = Release|x64
		{2591553F-B9BC-411A-B400-C365D4DE9DF9}.Release|x64.Build.0 = Release|x64
		{5E609454-8309-4561-AFC4-8533B3C23A8B}.Debug|x64.ActiveCfg = Debug|x64
		{5E609454-8309-4561-AFC4-8533B3C23A8B}.Debug|x64.Build.0 = Debug|x64
		{5E609454-8309-4561-AFC4-8533B3C23A8B}.Release|x64.ActiveCfg = Release|x64
		{5E609454-8309-4561-AFC4-8533B3C23A8B}.Release|x64.Build.0 = Release|x64
		{C619E3B4-550D-4BEE-805A-18410B207BDF}.Debug|x64.ActiveCfg = Debug|x64
		{C619E3B4-550D-4BEE-805A-18410B207BDF}.Debug|x64.Build.0 = Debug|x64
		{C619E3B4-550D-4BEE-805A-18410B207BDF}.Release|x64.ActiveCfg = Release|x64
		{C619E3B4-550D-4BEE-805A-18410B207BDF}.Release|x64.Build.0 = Release|x64
		{6382D31B-245E-41A3-BCEF-9B225CD1F72A}.Debug|x64.ActiveCfg = Debug|x64
		{6382D31B-245E-41A3-BCEF-9B225CD1F72A}.Debug|x64.Build.0 = Debug|x64
		{6382D31B-245E-41A3-BCEF-9B225CD1F72A}.Release|x64.ActiveCfg = Release|x64
		{6382D31B-245E-41A3-BCEF-9B225CD1F72A}.Release|x64.Build.0 = Release|x64
		{5423B407-A46E-4A87-8E0F-FB8193BB888B}.Debug|x64.ActiveCfg = Debug|x64
		{5423B407-A46E-4A87-8E0F-FB8193BB888B}.Debug|x64.Build.0 = Debug|x64
		{5423B407-A46E-4A87-8E0F-FB8193BB888B}.Release|x64.ActiveCfg = Release|x64
		{5423B407-A46E-4A87-8E0F-FB8193BB888B}.Release|x64.Build.0 = Release|x64
		{FB50840A-57F5-489E-BDD9-AD587388F482}.Debug|x64.ActiveCfg = Debug|x64
		{FB50840A-57F5-489E-BDD9-AD587388F482}.Debug|x64.Build.0 = Debug|x64
		{FB50840A-57F5-489E-BDD9-AD587388F482}.Release|x64.ActiveCfg = Release|x64
		{FB50840A-57F5-489E-BDD9-AD587388F482}.Release|x64.Build.0 = Release|x64
		{97D5DF32-522B-4910-A9D7-BA6F71420535}.Debug|x64.ActiveCfg = Debug|x64
		{97D5DF32-522B-4910-A9D7-BA6F71420535}.Debug|x64.Build.0 = Debug|x64
		{97D5DF32-522B-4910-A9D7-BA6F71420535}.Release|x64.ActiveCfg = Release|x64
		{97D5DF32-522B-4910-A9D7-BA6F71420535}.Release|x64.Build.0 = Release|x64
		{1832F0C4-52C9-4BFE-A0E9-56846FDD3FA9}.Debug|x64.ActiveCfg = Debug|x64
		{1832F0C4-52C9-4BFE-A0E9-56846FDD3FA9}.Debug|x64.Build.0 = Debug|x64
		{1832F0C4-52C9-4BFE-A0E9-56846FDD3FA9}.Release|x64.ActiveCfg = Release|x64
		{1832F0C4-52C9-4BFE-A0E9-56846FDD3FA9}.Release|x64.Build.0 = Release|x64
		{22DD1C89-D700-4118-AA17-3CEC785D427C}.Debug|x64.ActiveCfg = Debug|x64
		{22DD1C89-D700-4118-AA17-3CEC785D427C}.Debug|x64.Build.0 = Debug|x64
		{22DD1C89-D700-4118-AA17-3CEC785D427C}.Release|x64.ActiveCfg = Release|x64
		{22DD1C89-D700-4118-AA17-3CEC785D427C}.Release|x64.Build.0 = Release|x64
		{CECD56C1-5764-4390-836A-FE793CA9DC61}.Debug|x64.ActiveCfg = Debug|x64
		{CECD56C1-5764-4390-836A-FE793CA9DC61}.Debug|x64.Build.0 = Debug|x64
		{CECD56C1-5764-4390-836A-FE793CA9DC61}.Release|x64.ActiveCfg = Release|x64
		{CECD56C1-5764-4390-836A-FE793CA9DC61}.Release|x64.Build.0 = Release|x64
		{DAE77218-A327-41F0-BF66-AA796BAE8C0F}.Debug|x64.ActiveCfg = Debug|x64
		{DAE77218-A327-41F0-BF66-AA796BAE8C0F}.Debug|x64.Build.0 = Debug|x64
		{DAE77218-A327-41F0-BF66-AA796BAE8C0F}.Release|x64.ActiveCfg = Release|x64
		{DAE77218-A327-41F0-BF66-AA796BAE8C0F}.Release|x64.Build.0 = Release|x64
		{20212D74-4919-4EAC-B2FC-6344CEFA2D91}.Debug|x64.ActiveCfg = Debug|x64
		{20212D74-4919-4EAC-B2FC-6344CEFA2D91}.Debug|x64.Build.0 = Debug|x64
		{20212D74-4919-4EAC-B2FC-6344CEFA2D91}.Release|x64.ActiveCfg = Release|x64
		{20212D74-4919-4EAC-B2FC-6344CEFA2D91}.Release|x64.Build.0 = Release|x64
		{56C261DF-22FB-4445-B05E-3DC0881B2950}.Debug|x64.ActiveCfg = Debug|x64
		{56C261DF-22FB-4445-B05E-3DC0881B2950}.Debug|x64.Build.0 = Debug|x64
		{56C261DF-22FB-4445-B05E-3DC0881B2950}.Release|x64.ActiveCfg = Release|x64
		{56C261DF-22FB-4445-B05E-3DC0881B2950}.Release|x64.Build.0 = Release|x64
		{42400738-75E3-4349-AB27-C3C3F4FBEC96}.Debug|x64.ActiveCfg = Debug|x64
		{42400738-75E3-4349-AB27-C3C3F4FBEC96}.Debug|x64.Build.0 = Debug|x64
		{42400738-75E3-4349-AB27-C3C3F4FBEC96}.Release|x64.ActiveCfg = Release|x64
		{42400738-75E3-4349-AB27-C3C3F4FBEC96}.Release|x64.Build.0 = Release|x64
		{80F23B5D-86F9-4977-816D-34C0838F43DE}.Debug|x64.ActiveCfg = Debug|x64
		{80F23B5D-86F9-4977-816D-34C0838F43DE}.Debug|x64.Build.0 = Debug|x64
		{80F23B5D-86F9-4977-816D-34C0838F43DE}.Release|x64.ActiveCfg = Release|x64
		{80F23B5D-86F9-4977-816D-34C0838F43DE}.Release|x64.Build.0 = Release|x64
		{5B86886F-4BD7-4B9A-8D0D-DCE7427E6265}.Debug|x64.ActiveCfg = Debug|x64
		{5B86886F-4BD7-4B9A-8D0D-DCE7427E6265}.Debug|x64.Build.0 = Debug|x64
		{5B86886F-4BD7-4B9A-8D0D-DCE7427E6265}.Release|x64.ActiveCfg = Release|x64
		{5B86886F-4BD7-4B9A-8D0D-DCE7427E6265}.Release|x64.Build.0 = Release|x64
		{76E192DB-CE29-4B01-A44A-AC6CD5830A91}.Debug|x64.ActiveCfg = Debug|x64
		{76E192DB-CE29-4B01-A44A-AC6CD5830A91}.Debug|x64.Build.0 = Debug|x64
		{76E192DB-CE29-4B01-A44A-AC6CD5830A91}.Release|x64.ActiveCfg = Release|x64
		{76E192DB-CE29-4B01-A44A-AC6CD5830A91}.Release|x64.Build.0 = Release|x64
		{27CC0559-C196-4380-BE95-325F0FCA165B}.Debug|x64.ActiveCfg = Debug|x64
		{27CC0559-C196-4380-BE95-325F0FCA165B}.Debug|x64.Build.0 = Debug|x64
		{27CC0559-C196-4380-BE95-325F0FCA165B}.Release|x64.ActiveCfg = Release|x64
		{27CC0559-C196-4380-BE95-325F0FCA165B}.Release|x64.Build.0 = Release|x64
		{D2C6771A-6B62-474C-847A-B8CAF6777C0B}.Debug|x64.ActiveCfg = Debug|x64
		{D2C6771A-6B62-474C-847A-B8CAF6777C0B}.Debug|x64.Build.0 = Debug|x64
		{D2C6771A-6B62-474C-847A-B8CAF6777C0B}.Release|x64.ActiveCfg = Release|x64
		{D2C6771A-6B62-474C-847A-B8CAF6777C0B}.Release|x64.Build.0 = Release|x64
		{263F00C8-7432-41C4-93EE-5946F643FA52}.Debug|x64.ActiveCfg = Debug|x64
		{263F00C8-7432-41C4-93EE-5946F643FA52}.Debug|x64.Build.0 = Debug|x64
		{263F00C8-7432-41C4-93EE-5946F643FA52}.Release|x64.ActiveCfg = Release|x64
		{263F00C8-7432-41C4-93EE-5946F643FA52}.Release|x64.Build.0 = Release|x64
		{B3BEBB61-ABFE-4AF6-8F70-8934AFBFAE79}.Debug|x64.ActiveCfg = Debug|x64
		{B3BEBB61-ABFE-4AF6-8F70-8934AFBFAE79}.Debug|x64.Build.0 = Debug|x64
		{B3BEBB61-ABFE-4AF6-8F70-8934AFBFAE79}.Release|x64.ActiveCfg = Release|x64
		{B3BEBB61-ABFE-4AF6-8F70-8934AFBFAE79}.Release|x64.Build.0 = Release|x64
	EndGlobalSection
	GlobalSection(SolutionProperties) = preSolution
		HideSolutionNode = FALSE
	EndGlobalSection
	GlobalSection(NestedProjects) = preSolution
		{18A10F81-F004-48D3-A248-E1462162F3DE} = {7CA25F44-1F04-4875-81C0-A091991FDEFB}
		{C1857C52-338D-4CAA-838F-0B311A5289BC} = {7CA25F44-1F04-4875-81C0-A091991FDEFB}
		{3CFD8D3C-5D69-47BF-9E96-BCD6AC473C8C} = {18A10F81-F004-48D3-A248-E1462162F3DE}
		{BFAC57C2-A03C-43CD-A4D3-386329AA91E2} = {C1857C52-338D-4CAA-838F-0B311A5289BC}
		{3135EEC0-34F4-47D5-AA7C-C1B32E4F87C0} = {C1857C52-338D-4CAA-838F-0B311A5289BC}
		{DEA9A512-9E4E-427B-9942-2E8089A66E41} = {9EB89E65-99F1-4ACD-864D-1BC6A133534C}
		{5AA4A16D-2B20-4D9B-B4DC-F2A32E140EC1} = {C1857C52-338D-4CAA-838F-0B311A5289BC}
		{C5C1610E-EA74-4A9C-A89D-13B4B3A2FF3A} = {C1857C52-338D-4CAA-838F-0B311A5289BC}
		{9628464D-8404-4095-94A6-E0031137FA64} = {C1857C52-338D-4CAA-838F-0B311A5289BC}
		{5045A2BA-6C92-461A-A7AD-4A85E4C1987D} = {C1857C52-338D-4CAA-838F-0B311A5289BC}
		{35290115-F1FC-492A-B251-EE2D0EE0A33F} = {9EB89E65-99F1-4ACD-864D-1BC6A133534C}
		{3142E79F-EE6E-43D1-902F-269154AC75EA} = {9EB89E65-99F1-4ACD-864D-1BC6A133534C}
		{F7521969-4EF4-492B-BED0-253482849F7F} = {9EB89E65-99F1-4ACD-864D-1BC6A133534C}
		{CBC50745-FBC5-44D0-96D4-825639143F2C} = {9EB89E65-99F1-4ACD-864D-1BC6A133534C}
		{3A6F37AA-996F-49C6-B5E2-F15039CCE8DC} = {9EB89E65-99F1-4ACD-864D-1BC6A133534C}
		{34F3E364-4E36-4BAC-8799-96D6729DB64C} = {C1857C52-338D-4CAA-838F-0B311A5289BC}
		{2591553F-B9BC-411A-B400-C365D4DE9DF9} = {C1857C52-338D-4CAA-838F-0B311A5289BC}
		{5E609454-8309-4561-AFC4-8533B3C23A8B} = {C1857C52-338D-4CAA-838F-0B311A5289BC}
		{C619E3B4-550D-4BEE-805A-18410B207BDF} = {9EB89E65-99F1-4ACD-864D-1BC6A133534C}
		{6382D31B-245E-41A3-BCEF-9B225CD1F72A} = {C1857C52-338D-4CAA-838F-0B311A5289BC}
		{5423B407-A46E-4A87-8E0F-FB8193BB888B} = {C1857C52-338D-4CAA-838F-0B311A5289BC}
		{FB50840A-57F5-489E-BDD9-AD587388F482} = {C1857C52-338D-4CAA-838F-0B311A5289BC}
		{97D5DF32-522B-4910-A9D7-BA6F71420535} = {C1857C52-338D-4CAA-838F-0B311A5289BC}
		{1832F0C4-52C9-4BFE-A0E9-56846FDD3FA9} = {9EB89E65-99F1-4ACD-864D-1BC6A133534C}
		{22DD1C89-D700-4118-AA17-3CEC785D427C} = {9EB89E65-99F1-4ACD-864D-1BC6A133534C}
		{CECD56C1-5764-4390-836A-FE793CA9DC61} = {C1857C52-338D-4CAA-838F-0B311A5289BC}
		{DAE77218-A327-41F0-BF66-AA796BAE8C0F} = {9EB89E65-99F1-4ACD-864D-1BC6A133534C}
		{20212D74-4919-4EAC-B2FC-6344CEFA2D91} = {C1857C52-338D-4CAA-838F-0B311A5289BC}
		{56C261DF-22FB-4445-B05E-3DC0881B2950} = {9EB89E65-99F1-4ACD-864D-1BC6A133534C}
		{42400738-75E3-4349-AB27-C3C3F4FBEC96} = {9EB89E65-99F1-4ACD-864D-1BC6A133534C}
		{80F23B5D-86F9-4977-816D-34C0838F43DE} = {9EB89E65-99F1-4ACD-864D-1BC6A133534C}
		{5B86886F-4BD7-4B9A-8D0D-DCE7427E6265} = {9EB89E65-99F1-4ACD-864D-1BC6A133534C}
		{76E192DB-CE29-4B01-A44A-AC6CD5830A91} = {9EB89E65-99F1-4ACD-864D-1BC6A133534C}
		{27CC0559-C196-4380-BE95-325F0FCA165B} = {9EB89E65-99F1-4ACD-864D-1BC6A133534C}
		{D2C6771A-6B62-474C-847A-B8CAF6777C0B} = {9EB89E65-99F1-4ACD-864D-1BC6A133534C}
		{263F00C8-7432-41C4-93EE-5946F643FA52} = {C1857C52-338D-4CAA-838F-0B311A5289BC}
		{9EB89E65-99F1-4ACD-864D-1BC6A133534C} = {7CA25F44-1F04-4875-81C0-A091991FDEFB}
		{B3BEBB61-ABFE-4AF6-8F70-8934AFBFAE79} = {456126AA-BC10-4E78-9062-63C7F93B5A82}
	EndGlobalSection
	GlobalSection(ExtensibilityGlobals) = postSolution
		SolutionGuid = {0A8CEE52-492A-4393-9DD8-1A14948800DE}
	EndGlobalSection
EndGlobal
